
Microsoft Visual Studio Solution File, Format Version 12.00
# Visual Studio 15
VisualStudioVersion = 15.0.28307.168
MinimumVisualStudioVersion = 10.0.40219.1
Project("{FAE04EC0-301F-11D3-BF4B-00C04F79EFBC}") = "BarcodeApp.Android", "BarcodeApp\BarcodeApp.Android\BarcodeApp.Android.csproj", "{C5579D0D-D673-4914-A486-9EE9D0FFFEBE}"
EndProject
Project("{FAE04EC0-301F-11D3-BF4B-00C04F79EFBC}") = "BarcodeApp.iOS", "BarcodeApp\BarcodeApp.iOS\BarcodeApp.iOS.csproj", "{B49D3852-F229-4B76-ACBA-BB721358FE39}"
EndProject
Project("{9A19103F-16F7-4668-BE54-9A1E7A4F7556}") = "BarcodeApp", "BarcodeApp\BarcodeApp\BarcodeApp.csproj", "{2B96EE22-E54F-45B1-B01A-FA09ADAE98C6}"
EndProject
Global
	GlobalSection(SolutionConfigurationPlatforms) = preSolution
		Ad-Hoc|Any CPU = Ad-Hoc|Any CPU
		Ad-Hoc|iPhone = Ad-Hoc|iPhone
		Ad-Hoc|iPhoneSimulator = Ad-Hoc|iPhoneSimulator
		AppStore|Any CPU = AppStore|Any CPU
		AppStore|iPhone = AppStore|iPhone
		AppStore|iPhoneSimulator = AppStore|iPhoneSimulator
		Debug|Any CPU = Debug|Any CPU
		Debug|iPhone = Debug|iPhone
		Debug|iPhoneSimulator = Debug|iPhoneSimulator
		Release|Any CPU = Release|Any CPU
		Release|iPhone = Release|iPhone
		Release|iPhoneSimulator = Release|iPhoneSimulator
	EndGlobalSection
	GlobalSection(ProjectConfigurationPlatforms) = postSolution
		{C5579D0D-D673-4914-A486-9EE9D0FFFEBE}.Ad-Hoc|Any CPU.ActiveCfg = Debug|Any CPU
		{C5579D0D-D673-4914-A486-9EE9D0FFFEBE}.Ad-Hoc|Any CPU.Build.0 = Debug|Any CPU
		{C5579D0D-D673-4914-A486-9EE9D0FFFEBE}.Ad-Hoc|Any CPU.Deploy.0 = Debug|Any CPU
		{C5579D0D-D673-4914-A486-9EE9D0FFFEBE}.Ad-Hoc|iPhone.ActiveCfg = Release|Any CPU
		{C5579D0D-D673-4914-A486-9EE9D0FFFEBE}.Ad-Hoc|iPhone.Build.0 = Release|Any CPU
		{C5579D0D-D673-4914-A486-9EE9D0FFFEBE}.Ad-Hoc|iPhone.Deploy.0 = Release|Any CPU
		{C5579D0D-D673-4914-A486-9EE9D0FFFEBE}.Ad-Hoc|iPhoneSimulator.ActiveCfg = Release|Any CPU
		{C5579D0D-D673-4914-A486-9EE9D0FFFEBE}.Ad-Hoc|iPhoneSimulator.Build.0 = Release|Any CPU
		{C5579D0D-D673-4914-A486-9EE9D0FFFEBE}.Ad-Hoc|iPhoneSimulator.Deploy.0 = Release|Any CPU
		{C5579D0D-D673-4914-A486-9EE9D0FFFEBE}.AppStore|Any CPU.ActiveCfg = Release|Any CPU
		{C5579D0D-D673-4914-A486-9EE9D0FFFEBE}.AppStore|Any CPU.Build.0 = Release|Any CPU
		{C5579D0D-D673-4914-A486-9EE9D0FFFEBE}.AppStore|Any CPU.Deploy.0 = Release|Any CPU
		{C5579D0D-D673-4914-A486-9EE9D0FFFEBE}.AppStore|iPhone.ActiveCfg = Release|Any CPU
		{C5579D0D-D673-4914-A486-9EE9D0FFFEBE}.AppStore|iPhone.Build.0 = Release|Any CPU
		{C5579D0D-D673-4914-A486-9EE9D0FFFEBE}.AppStore|iPhone.Deploy.0 = Release|Any CPU
		{C5579D0D-D673-4914-A486-9EE9D0FFFEBE}.AppStore|iPhoneSimulator.ActiveCfg = Release|Any CPU
		{C5579D0D-D673-4914-A486-9EE9D0FFFEBE}.AppStore|iPhoneSimulator.Build.0 = Release|Any CPU
		{C5579D0D-D673-4914-A486-9EE9D0FFFEBE}.AppStore|iPhoneSimulator.Deploy.0 = Release|Any CPU
		{C5579D0D-D673-4914-A486-9EE9D0FFFEBE}.Debug|Any CPU.ActiveCfg = Debug|Any CPU
		{C5579D0D-D673-4914-A486-9EE9D0FFFEBE}.Debug|Any CPU.Build.0 = Debug|Any CPU
		{C5579D0D-D673-4914-A486-9EE9D0FFFEBE}.Debug|Any CPU.Deploy.0 = Debug|Any CPU
		{C5579D0D-D673-4914-A486-9EE9D0FFFEBE}.Debug|iPhone.ActiveCfg = Debug|Any CPU
		{C5579D0D-D673-4914-A486-9EE9D0FFFEBE}.Debug|iPhone.Build.0 = Debug|Any CPU
		{C5579D0D-D673-4914-A486-9EE9D0FFFEBE}.Debug|iPhone.Deploy.0 = Debug|Any CPU
		{C5579D0D-D673-4914-A486-9EE9D0FFFEBE}.Debug|iPhoneSimulator.ActiveCfg = Debug|Any CPU
		{C5579D0D-D673-4914-A486-9EE9D0FFFEBE}.Debug|iPhoneSimulator.Build.0 = Debug|Any CPU
		{C5579D0D-D673-4914-A486-9EE9D0FFFEBE}.Debug|iPhoneSimulator.Deploy.0 = Debug|Any CPU
		{C5579D0D-D673-4914-A486-9EE9D0FFFEBE}.Release|Any CPU.ActiveCfg = Release|Any CPU
		{C5579D0D-D673-4914-A486-9EE9D0FFFEBE}.Release|Any CPU.Build.0 = Release|Any CPU
		{C5579D0D-D673-4914-A486-9EE9D0FFFEBE}.Release|Any CPU.Deploy.0 = Release|Any CPU
		{C5579D0D-D673-4914-A486-9EE9D0FFFEBE}.Release|iPhone.ActiveCfg = Release|Any CPU
		{C5579D0D-D673-4914-A486-9EE9D0FFFEBE}.Release|iPhone.Build.0 = Release|Any CPU
		{C5579D0D-D673-4914-A486-9EE9D0FFFEBE}.Release|iPhone.Deploy.0 = Release|Any CPU
		{C5579D0D-D673-4914-A486-9EE9D0FFFEBE}.Release|iPhoneSimulator.ActiveCfg = Release|Any CPU
		{C5579D0D-D673-4914-A486-9EE9D0FFFEBE}.Release|iPhoneSimulator.Build.0 = Release|Any CPU
		{C5579D0D-D673-4914-A486-9EE9D0FFFEBE}.Release|iPhoneSimulator.Deploy.0 = Release|Any CPU
		{B49D3852-F229-4B76-ACBA-BB721358FE39}.Ad-Hoc|Any CPU.ActiveCfg = Debug|iPhoneSimulator
		{B49D3852-F229-4B76-ACBA-BB721358FE39}.Ad-Hoc|Any CPU.Build.0 = Debug|iPhoneSimulator
		{B49D3852-F229-4B76-ACBA-BB721358FE39}.Ad-Hoc|Any CPU.Deploy.0 = Debug|iPhoneSimulator
		{B49D3852-F229-4B76-ACBA-BB721358FE39}.Ad-Hoc|iPhone.ActiveCfg = Ad-Hoc|iPhone
		{B49D3852-F229-4B76-ACBA-BB721358FE39}.Ad-Hoc|iPhone.Build.0 = Ad-Hoc|iPhone
		{B49D3852-F229-4B76-ACBA-BB721358FE39}.Ad-Hoc|iPhone.Deploy.0 = Ad-Hoc|iPhone
		{B49D3852-F229-4B76-ACBA-BB721358FE39}.Ad-Hoc|iPhoneSimulator.ActiveCfg = Ad-Hoc|iPhoneSimulator
		{B49D3852-F229-4B76-ACBA-BB721358FE39}.Ad-Hoc|iPhoneSimulator.Build.0 = Ad-Hoc|iPhoneSimulator
		{B49D3852-F229-4B76-ACBA-BB721358FE39}.Ad-Hoc|iPhoneSimulator.Deploy.0 = Ad-Hoc|iPhoneSimulator
		{B49D3852-F229-4B76-ACBA-BB721358FE39}.AppStore|Any CPU.ActiveCfg = AppStore|iPhone
		{B49D3852-F229-4B76-ACBA-BB721358FE39}.AppStore|Any CPU.Build.0 = AppStore|iPhone
		{B49D3852-F229-4B76-ACBA-BB721358FE39}.AppStore|Any CPU.Deploy.0 = AppStore|iPhone
		{B49D3852-F229-4B76-ACBA-BB721358FE39}.AppStore|iPhone.ActiveCfg = AppStore|iPhone
		{B49D3852-F229-4B76-ACBA-BB721358FE39}.AppStore|iPhone.Build.0 = AppStore|iPhone
		{B49D3852-F229-4B76-ACBA-BB721358FE39}.AppStore|iPhone.Deploy.0 = AppStore|iPhone
		{B49D3852-F229-4B76-ACBA-BB721358FE39}.AppStore|iPhoneSimulator.ActiveCfg = AppStore|iPhoneSimulator
		{B49D3852-F229-4B76-ACBA-BB721358FE39}.AppStore|iPhoneSimulator.Build.0 = AppStore|iPhoneSimulator
		{B49D3852-F229-4B76-ACBA-BB721358FE39}.AppStore|iPhoneSimulator.Deploy.0 = AppStore|iPhoneSimulator
		{B49D3852-F229-4B76-ACBA-BB721358FE39}.Debug|Any CPU.ActiveCfg = Debug|iPhoneSimulator
		{B49D3852-F229-4B76-ACBA-BB721358FE39}.Debug|Any CPU.Build.0 = Debug|iPhoneSimulator
		{B49D3852-F229-4B76-ACBA-BB721358FE39}.Debug|Any CPU.Deploy.0 = Debug|iPhoneSimulator
		{B49D3852-F229-4B76-ACBA-BB721358FE39}.Debug|iPhone.ActiveCfg = Debug|iPhone
		{B49D3852-F229-4B76-ACBA-BB721358FE39}.Debug|iPhone.Build.0 = Debug|iPhone
		{B49D3852-F229-4B76-ACBA-BB721358FE39}.Debug|iPhone.Deploy.0 = Debug|iPhone
		{B49D3852-F229-4B76-ACBA-BB721358FE39}.Debug|iPhoneSimulator.ActiveCfg = Debug|iPhoneSimulator
		{B49D3852-F229-4B76-ACBA-BB721358FE39}.Debug|iPhoneSimulator.Build.0 = Debug|iPhoneSimulator
		{B49D3852-F229-4B76-ACBA-BB721358FE39}.Debug|iPhoneSimulator.Deploy.0 = Debug|iPhoneSimulator
		{B49D3852-F229-4B76-ACBA-BB721358FE39}.Release|Any CPU.ActiveCfg = Release|iPhone
		{B49D3852-F229-4B76-ACBA-BB721358FE39}.Release|Any CPU.Build.0 = Release|iPhone
		{B49D3852-F229-4B76-ACBA-BB721358FE39}.Release|Any CPU.Deploy.0 = Release|iPhone
		{B49D3852-F229-4B76-ACBA-BB721358FE39}.Release|iPhone.ActiveCfg = Release|iPhone
		{B49D3852-F229-4B76-ACBA-BB721358FE39}.Release|iPhone.Build.0 = Release|iPhone
		{B49D3852-F229-4B76-ACBA-BB721358FE39}.Release|iPhone.Deploy.0 = Release|iPhone
		{B49D3852-F229-4B76-ACBA-BB721358FE39}.Release|iPhoneSimulator.ActiveCfg = Release|iPhoneSimulator
		{B49D3852-F229-4B76-ACBA-BB721358FE39}.Release|iPhoneSimulator.Build.0 = Release|iPhoneSimulator
		{B49D3852-F229-4B76-ACBA-BB721358FE39}.Release|iPhoneSimulator.Deploy.0 = Release|iPhoneSimulator
		{2B96EE22-E54F-45B1-B01A-FA09ADAE98C6}.Ad-Hoc|Any CPU.ActiveCfg = Debug|Any CPU
		{2B96EE22-E54F-45B1-B01A-FA09ADAE98C6}.Ad-Hoc|Any CPU.Build.0 = Debug|Any CPU
		{2B96EE22-E54F-45B1-B01A-FA09ADAE98C6}.Ad-Hoc|Any CPU.Deploy.0 = Debug|Any CPU
		{2B96EE22-E54F-45B1-B01A-FA09ADAE98C6}.Ad-Hoc|iPhone.ActiveCfg = Debug|Any CPU
		{2B96EE22-E54F-45B1-B01A-FA09ADAE98C6}.Ad-Hoc|iPhone.Build.0 = Debug|Any CPU
		{2B96EE22-E54F-45B1-B01A-FA09ADAE98C6}.Ad-Hoc|iPhone.Deploy.0 = Debug|Any CPU
		{2B96EE22-E54F-45B1-B01A-FA09ADAE98C6}.Ad-Hoc|iPhoneSimulator.ActiveCfg = Debug|Any CPU
		{2B96EE22-E54F-45B1-B01A-FA09ADAE98C6}.Ad-Hoc|iPhoneSimulator.Build.0 = Debug|Any CPU
		{2B96EE22-E54F-45B1-B01A-FA09ADAE98C6}.Ad-Hoc|iPhoneSimulator.Deploy.0 = Debug|Any CPU
		{2B96EE22-E54F-45B1-B01A-FA09ADAE98C6}.AppStore|Any CPU.ActiveCfg = Debug|Any CPU
		{2B96EE22-E54F-45B1-B01A-FA09ADAE98C6}.AppStore|Any CPU.Build.0 = Debug|Any CPU
		{2B96EE22-E54F-45B1-B01A-FA09ADAE98C6}.AppStore|Any CPU.Deploy.0 = Debug|Any CPU
		{2B96EE22-E54F-45B1-B01A-FA09ADAE98C6}.AppStore|iPhone.ActiveCfg = Debug|Any CPU
		{2B96EE22-E54F-45B1-B01A-FA09ADAE98C6}.AppStore|iPhone.Build.0 = Debug|Any CPU
		{2B96EE22-E54F-45B1-B01A-FA09ADAE98C6}.AppStore|iPhone.Deploy.0 = Debug|Any CPU
		{2B96EE22-E54F-45B1-B01A-FA09ADAE98C6}.AppStore|iPhoneSimulator.ActiveCfg = Debug|Any CPU
		{2B96EE22-E54F-45B1-B01A-FA09ADAE98C6}.AppStore|iPhoneSimulator.Build.0 = Debug|Any CPU
		{2B96EE22-E54F-45B1-B01A-FA09ADAE98C6}.AppStore|iPhoneSimulator.Deploy.0 = Debug|Any CPU
		{2B96EE22-E54F-45B1-B01A-FA09ADAE98C6}.Debug|Any CPU.ActiveCfg = Debug|Any CPU
		{2B96EE22-E54F-45B1-B01A-FA09ADAE98C6}.Debug|Any CPU.Build.0 = Debug|Any CPU
		{2B96EE22-E54F-45B1-B01A-FA09ADAE98C6}.Debug|Any CPU.Deploy.0 = Debug|Any CPU
		{2B96EE22-E54F-45B1-B01A-FA09ADAE98C6}.Debug|iPhone.ActiveCfg = Debug|Any CPU
		{2B96EE22-E54F-45B1-B01A-FA09ADAE98C6}.Debug|iPhone.Build.0 = Debug|Any CPU
		{2B96EE22-E54F-45B1-B01A-FA09ADAE98C6}.Debug|iPhone.Deploy.0 = Debug|Any CPU
		{2B96EE22-E54F-45B1-B01A-FA09ADAE98C6}.Debug|iPhoneSimulator.ActiveCfg = Debug|Any CPU
		{2B96EE22-E54F-45B1-B01A-FA09ADAE98C6}.Debug|iPhoneSimulator.Build.0 = Debug|Any CPU
		{2B96EE22-E54F-45B1-B01A-FA09ADAE98C6}.Debug|iPhoneSimulator.Deploy.0 = Debug|Any CPU
		{2B96EE22-E54F-45B1-B01A-FA09ADAE98C6}.Release|Any CPU.ActiveCfg = Release|Any CPU
		{2B96EE22-E54F-45B1-B01A-FA09ADAE98C6}.Release|Any CPU.Build.0 = Release|Any CPU
		{2B96EE22-E54F-45B1-B01A-FA09ADAE98C6}.Release|Any CPU.Deploy.0 = Release|Any CPU
		{2B96EE22-E54F-45B1-B01A-FA09ADAE98C6}.Release|iPhone.ActiveCfg = Release|Any CPU
		{2B96EE22-E54F-45B1-B01A-FA09ADAE98C6}.Release|iPhone.Build.0 = Release|Any CPU
		{2B96EE22-E54F-45B1-B01A-FA09ADAE98C6}.Release|iPhone.Deploy.0 = Release|Any CPU
		{2B96EE22-E54F-45B1-B01A-FA09ADAE98C6}.Release|iPhoneSimulator.ActiveCfg = Release|Any CPU
		{2B96EE22-E54F-45B1-B01A-FA09ADAE98C6}.Release|iPhoneSimulator.Build.0 = Release|Any CPU
		{2B96EE22-E54F-45B1-B01A-FA09ADAE98C6}.Release|iPhoneSimulator.Deploy.0 = Release|Any CPU
	EndGlobalSection
	GlobalSection(SolutionProperties) = preSolution
		HideSolutionNode = FALSE
	EndGlobalSection
	GlobalSection(ExtensibilityGlobals) = postSolution
		SolutionGuid = {1D4FB2F4-0EB3-4F41-97ED-442F40051CFE}
	EndGlobalSection
EndGlobal
